
Microsoft Visual Studio Solution File, Format Version 12.00
# Visual Studio Version 17
VisualStudioVersion = 17.9.34728.123
MinimumVisualStudioVersion = 10.0.40219.1
Project("{FAE04EC0-301F-11D3-BF4B-00C04F79EFBC}") = "Projeto Semana 4", "Projeto Semana 4\Projeto Semana 4.csproj", "{F10F57FB-CF7B-4B0D-ACBA-DC4156CC20FC}"
EndProject
Global
	GlobalSection(SolutionConfigurationPlatforms) = preSolution
		Debug|Any CPU = Debug|Any CPU
		Release|Any CPU = Release|Any CPU
	EndGlobalSection
	GlobalSection(ProjectConfigurationPlatforms) = postSolution
		{F10F57FB-CF7B-4B0D-ACBA-DC4156CC20FC}.Debug|Any CPU.ActiveCfg = Debug|Any CPU
		{F10F57FB-CF7B-4B0D-ACBA-DC4156CC20FC}.Debug|Any CPU.Build.0 = Debug|Any CPU
		{F10F57FB-CF7B-4B0D-ACBA-DC4156CC20FC}.Release|Any CPU.ActiveCfg = Release|Any CPU
		{F10F57FB-CF7B-4B0D-ACBA-DC4156CC20FC}.Release|Any CPU.Build.0 = Release|Any CPU
	EndGlobalSection
	GlobalSection(SolutionProperties) = preSolution
		HideSolutionNode = FALSE
	EndGlobalSection
	GlobalSection(ExtensibilityGlobals) = postSolution
		SolutionGuid = {D668C6AE-B055-446B-98A0-5ED2C401FBAC}
	EndGlobalSection
EndGlobal
